
Microsoft Visual Studio Solution File, Format Version 12.00
# Visual Studio Version 16
VisualStudioVersion = 16.0.33328.57
MinimumVisualStudioVersion = 10.0.40219.1
Project("{F14B399A-7131-4C87-9E4B-1186C45EF12D}") = "lab3", "lab3.rptproj", "{0C37F5BD-DF34-4D78-BAC8-E9CA21C126BB}"
EndProject
Global
	GlobalSection(SolutionConfigurationPlatforms) = preSolution
		Debug|Default = Debug|Default
		DebugLocal|Default = DebugLocal|Default
		Release|Default = Release|Default
	EndGlobalSection
	GlobalSection(ProjectConfigurationPlatforms) = postSolution
		{0C37F5BD-DF34-4D78-BAC8-E9CA21C126BB}.Debug|Default.ActiveCfg = Debug
		{0C37F5BD-DF34-4D78-BAC8-E9CA21C126BB}.Debug|Default.Build.0 = Debug
		{0C37F5BD-DF34-4D78-BAC8-E9CA21C126BB}.Debug|Default.Deploy.0 = Debug
		{0C37F5BD-DF34-4D78-BAC8-E9CA21C126BB}.DebugLocal|Default.ActiveCfg = DebugLocal
		{0C37F5BD-DF34-4D78-BAC8-E9CA21C126BB}.DebugLocal|Default.Build.0 = DebugLocal
		{0C37F5BD-DF34-4D78-BAC8-E9CA21C126BB}.Release|Default.ActiveCfg = Release
		{0C37F5BD-DF34-4D78-BAC8-E9CA21C126BB}.Release|Default.Build.0 = Release
		{0C37F5BD-DF34-4D78-BAC8-E9CA21C126BB}.Release|Default.Deploy.0 = Release
	EndGlobalSection
	GlobalSection(SolutionProperties) = preSolution
		HideSolutionNode = FALSE
	EndGlobalSection
	GlobalSection(ExtensibilityGlobals) = postSolution
		SolutionGuid = {B2264CC7-2960-4387-87EB-245F02E07A36}
	EndGlobalSection
EndGlobal
